
Microsoft Visual Studio Solution File, Format Version 12.00
# Visual Studio Version 16
VisualStudioVersion = 16.0.29215.179
MinimumVisualStudioVersion = 10.0.40219.1
Project("{9A19103F-16F7-4668-BE54-9A1E7A4F7556}") = "GraphPhysics", "GraphPhysics\GraphPhysics.csproj", "{19450986-836A-4FF0-875D-A3E4ED9FC4EB}"
EndProject
Global
	GlobalSection(SolutionConfigurationPlatforms) = preSolution
		Debug|Any CPU = Debug|Any CPU
		Release|Any CPU = Release|Any CPU
	EndGlobalSection
	GlobalSection(ProjectConfigurationPlatforms) = postSolution
		{19450986-836A-4FF0-875D-A3E4ED9FC4EB}.Debug|Any CPU.ActiveCfg = Debug|Any CPU
		{19450986-836A-4FF0-875D-A3E4ED9FC4EB}.Debug|Any CPU.Build.0 = Debug|Any CPU
		{19450986-836A-4FF0-875D-A3E4ED9FC4EB}.Release|Any CPU.ActiveCfg = Release|Any CPU
		{19450986-836A-4FF0-875D-A3E4ED9FC4EB}.Release|Any CPU.Build.0 = Release|Any CPU
	EndGlobalSection
	GlobalSection(SolutionProperties) = preSolution
		HideSolutionNode = FALSE
	EndGlobalSection
	GlobalSection(ExtensibilityGlobals) = postSolution
		SolutionGuid = {68C465D9-C4AB-4581-B21A-3F89569E4A71}
	EndGlobalSection
EndGlobal
